
Microsoft Visual Studio Solution File, Format Version 12.00
# Visual Studio Version 16
VisualStudioVersion = 16.0.30611.23
MinimumVisualStudioVersion = 10.0.40219.1
Project("{FAE04EC0-301F-11D3-BF4B-00C04F79EFBC}") = "App1.Android", "App1\App1.Android\App1.Android.csproj", "{D1D6B0E5-D3AC-4B7E-A3A2-256615BA31A1}"
EndProject
Project("{FAE04EC0-301F-11D3-BF4B-00C04F79EFBC}") = "App1.iOS", "App1\App1.iOS\App1.iOS.csproj", "{23A882EB-A48C-4D10-9151-276151D2A69A}"
EndProject
Project("{FAE04EC0-301F-11D3-BF4B-00C04F79EFBC}") = "App1", "App1\App1\App1.csproj", "{AB1716B3-5202-497C-BAC2-2A6A1CBCBF46}"
EndProject
Global
	GlobalSection(SolutionConfigurationPlatforms) = preSolution
		Debug|Any CPU = Debug|Any CPU
		Debug|iPhone = Debug|iPhone
		Debug|iPhoneSimulator = Debug|iPhoneSimulator
		Release|Any CPU = Release|Any CPU
		Release|iPhone = Release|iPhone
		Release|iPhoneSimulator = Release|iPhoneSimulator
	EndGlobalSection
	GlobalSection(ProjectConfigurationPlatforms) = postSolution
		{D1D6B0E5-D3AC-4B7E-A3A2-256615BA31A1}.Debug|Any CPU.ActiveCfg = Debug|Any CPU
		{D1D6B0E5-D3AC-4B7E-A3A2-256615BA31A1}.Debug|Any CPU.Build.0 = Debug|Any CPU
		{D1D6B0E5-D3AC-4B7E-A3A2-256615BA31A1}.Debug|Any CPU.Deploy.0 = Debug|Any CPU
		{D1D6B0E5-D3AC-4B7E-A3A2-256615BA31A1}.Debug|iPhone.ActiveCfg = Debug|Any CPU
		{D1D6B0E5-D3AC-4B7E-A3A2-256615BA31A1}.Debug|iPhone.Build.0 = Debug|Any CPU
		{D1D6B0E5-D3AC-4B7E-A3A2-256615BA31A1}.Debug|iPhone.Deploy.0 = Debug|Any CPU
		{D1D6B0E5-D3AC-4B7E-A3A2-256615BA31A1}.Debug|iPhoneSimulator.ActiveCfg = Debug|Any CPU
		{D1D6B0E5-D3AC-4B7E-A3A2-256615BA31A1}.Debug|iPhoneSimulator.Build.0 = Debug|Any CPU
		{D1D6B0E5-D3AC-4B7E-A3A2-256615BA31A1}.Debug|iPhoneSimulator.Deploy.0 = Debug|Any CPU
		{D1D6B0E5-D3AC-4B7E-A3A2-256615BA31A1}.Release|Any CPU.ActiveCfg = Release|Any CPU
		{D1D6B0E5-D3AC-4B7E-A3A2-256615BA31A1}.Release|Any CPU.Build.0 = Release|Any CPU
		{D1D6B0E5-D3AC-4B7E-A3A2-256615BA31A1}.Release|Any CPU.Deploy.0 = Release|Any CPU
		{D1D6B0E5-D3AC-4B7E-A3A2-256615BA31A1}.Release|iPhone.ActiveCfg = Release|Any CPU
		{D1D6B0E5-D3AC-4B7E-A3A2-256615BA31A1}.Release|iPhone.Build.0 = Release|Any CPU
		{D1D6B0E5-D3AC-4B7E-A3A2-256615BA31A1}.Release|iPhone.Deploy.0 = Release|Any CPU
		{D1D6B0E5-D3AC-4B7E-A3A2-256615BA31A1}.Release|iPhoneSimulator.ActiveCfg = Release|Any CPU
		{D1D6B0E5-D3AC-4B7E-A3A2-256615BA31A1}.Release|iPhoneSimulator.Build.0 = Release|Any CPU
		{D1D6B0E5-D3AC-4B7E-A3A2-256615BA31A1}.Release|iPhoneSimulator.Deploy.0 = Release|Any CPU
		{23A882EB-A48C-4D10-9151-276151D2A69A}.Debug|Any CPU.ActiveCfg = Debug|iPhone
		{23A882EB-A48C-4D10-9151-276151D2A69A}.Debug|Any CPU.Build.0 = Debug|iPhone
		{23A882EB-A48C-4D10-9151-276151D2A69A}.Debug|Any CPU.Deploy.0 = Debug|iPhone
		{23A882EB-A48C-4D10-9151-276151D2A69A}.Debug|iPhone.ActiveCfg = Debug|iPhone
		{23A882EB-A48C-4D10-9151-276151D2A69A}.Debug|iPhone.Build.0 = Debug|iPhone
		{23A882EB-A48C-4D10-9151-276151D2A69A}.Debug|iPhone.Deploy.0 = Debug|iPhone
		{23A882EB-A48C-4D10-9151-276151D2A69A}.Debug|iPhoneSimulator.ActiveCfg = Debug|iPhoneSimulator
		{23A882EB-A48C-4D10-9151-276151D2A69A}.Debug|iPhoneSimulator.Build.0 = Debug|iPhoneSimulator
		{23A882EB-A48C-4D10-9151-276151D2A69A}.Debug|iPhoneSimulator.Deploy.0 = Debug|iPhoneSimulator
		{23A882EB-A48C-4D10-9151-276151D2A69A}.Release|Any CPU.ActiveCfg = Release|iPhoneSimulator
		{23A882EB-A48C-4D10-9151-276151D2A69A}.Release|Any CPU.Build.0 = Release|iPhoneSimulator
		{23A882EB-A48C-4D10-9151-276151D2A69A}.Release|Any CPU.Deploy.0 = Release|iPhoneSimulator
		{23A882EB-A48C-4D10-9151-276151D2A69A}.Release|iPhone.ActiveCfg = Release|iPhone
		{23A882EB-A48C-4D10-9151-276151D2A69A}.Release|iPhone.Build.0 = Release|iPhone
		{23A882EB-A48C-4D10-9151-276151D2A69A}.Release|iPhone.Deploy.0 = Release|iPhone
		{23A882EB-A48C-4D10-9151-276151D2A69A}.Release|iPhoneSimulator.ActiveCfg = Release|iPhoneSimulator
		{23A882EB-A48C-4D10-9151-276151D2A69A}.Release|iPhoneSimulator.Build.0 = Release|iPhoneSimulator
		{23A882EB-A48C-4D10-9151-276151D2A69A}.Release|iPhoneSimulator.Deploy.0 = Release|iPhoneSimulator
		{AB1716B3-5202-497C-BAC2-2A6A1CBCBF46}.Debug|Any CPU.ActiveCfg = Debug|Any CPU
		{AB1716B3-5202-497C-BAC2-2A6A1CBCBF46}.Debug|Any CPU.Build.0 = Debug|Any CPU
		{AB1716B3-5202-497C-BAC2-2A6A1CBCBF46}.Debug|Any CPU.Deploy.0 = Debug|Any CPU
		{AB1716B3-5202-497C-BAC2-2A6A1CBCBF46}.Debug|iPhone.ActiveCfg = Debug|Any CPU
		{AB1716B3-5202-497C-BAC2-2A6A1CBCBF46}.Debug|iPhone.Build.0 = Debug|Any CPU
		{AB1716B3-5202-497C-BAC2-2A6A1CBCBF46}.Debug|iPhone.Deploy.0 = Debug|Any CPU
		{AB1716B3-5202-497C-BAC2-2A6A1CBCBF46}.Debug|iPhoneSimulator.ActiveCfg = Debug|Any CPU
		{AB1716B3-5202-497C-BAC2-2A6A1CBCBF46}.Debug|iPhoneSimulator.Build.0 = Debug|Any CPU
		{AB1716B3-5202-497C-BAC2-2A6A1CBCBF46}.Debug|iPhoneSimulator.Deploy.0 = Debug|Any CPU
		{AB1716B3-5202-497C-BAC2-2A6A1CBCBF46}.Release|Any CPU.ActiveCfg = Release|Any CPU
		{AB1716B3-5202-497C-BAC2-2A6A1CBCBF46}.Release|Any CPU.Build.0 = Release|Any CPU
		{AB1716B3-5202-497C-BAC2-2A6A1CBCBF46}.Release|Any CPU.Deploy.0 = Release|Any CPU
		{AB1716B3-5202-497C-BAC2-2A6A1CBCBF46}.Release|iPhone.ActiveCfg = Release|Any CPU
		{AB1716B3-5202-497C-BAC2-2A6A1CBCBF46}.Release|iPhone.Build.0 = Release|Any CPU
		{AB1716B3-5202-497C-BAC2-2A6A1CBCBF46}.Release|iPhone.Deploy.0 = Release|Any CPU
		{AB1716B3-5202-497C-BAC2-2A6A1CBCBF46}.Release|iPhoneSimulator.ActiveCfg = Release|Any CPU
		{AB1716B3-5202-497C-BAC2-2A6A1CBCBF46}.Release|iPhoneSimulator.Build.0 = Release|Any CPU
		{AB1716B3-5202-497C-BAC2-2A6A1CBCBF46}.Release|iPhoneSimulator.Deploy.0 = Release|Any CPU
	EndGlobalSection
	GlobalSection(SolutionProperties) = preSolution
		HideSolutionNode = FALSE
	EndGlobalSection
	GlobalSection(ExtensibilityGlobals) = postSolution
		SolutionGuid = {10260946-C858-4842-A5B2-5A0F180E1223}
	EndGlobalSection
EndGlobal
